{
  "name": "fixture-saas-agpl",
  "version": "1.0.0",
  "lockfileVersion": 3,
  "requires": true,
  "packages": {
    "": {
      "name": "fixture-saas-agpl",
      "version": "1.0.0",
      "dependencies": {
        "express": "^4.18.2",
        "plugin-x": "1.0.0",
        "apache-helper": "1.0.0"
      }
    },
    "node_modules/express": {
      "version": "4.18.2",
      "license": "MIT"
    },
    "node_modules/plugin-x": {
      "version": "1.0.0",
      "license": "MIT",
      "dependencies": {
        "agpl-lib": "2.1.0"
      }
    },
    "node_modules/agpl-lib": {
      "version": "2.1.0",
      "license": "AGPL-3.0-only"
    },
    "node_modules/apache-helper": {
      "version": "1.0.0",
      "license": "Apache-2.0"
    }
  }
}
